
Microsoft Visual Studio Solution File, Format Version 12.00
# Visual Studio Version 17
VisualStudioVersion = 17.12.35707.178
MinimumVisualStudioVersion = 10.0.40219.1
Project("{FAE04EC0-301F-11D3-BF4B-00C04F79EFBC}") = "ifesFood", "ifesFood\ifesFood.csproj", "{ED8EE653-19AE-4392-9C79-B4FEEBDF39B5}"
EndProject
Project("{FAE04EC0-301F-11D3-BF4B-00C04F79EFBC}") = "IfesFood-MasterPage", "IfesFood-MasterPage\IfesFood-MasterPage.csproj", "{8735F22F-3496-4B88-BA75-72A6AF2766DC}"
EndProject
Global
	GlobalSection(SolutionConfigurationPlatforms) = preSolution
		Debug|Any CPU = Debug|Any CPU
		Release|Any CPU = Release|Any CPU
	EndGlobalSection
	GlobalSection(ProjectConfigurationPlatforms) = postSolution
		{ED8EE653-19AE-4392-9C79-B4FEEBDF39B5}.Debug|Any CPU.ActiveCfg = Debug|Any CPU
		{ED8EE653-19AE-4392-9C79-B4FEEBDF39B5}.Debug|Any CPU.Build.0 = Debug|Any CPU
		{ED8EE653-19AE-4392-9C79-B4FEEBDF39B5}.Release|Any CPU.ActiveCfg = Release|Any CPU
		{ED8EE653-19AE-4392-9C79-B4FEEBDF39B5}.Release|Any CPU.Build.0 = Release|Any CPU
		{8735F22F-3496-4B88-BA75-72A6AF2766DC}.Debug|Any CPU.ActiveCfg = Debug|Any CPU
		{8735F22F-3496-4B88-BA75-72A6AF2766DC}.Debug|Any CPU.Build.0 = Debug|Any CPU
		{8735F22F-3496-4B88-BA75-72A6AF2766DC}.Release|Any CPU.ActiveCfg = Release|Any CPU
		{8735F22F-3496-4B88-BA75-72A6AF2766DC}.Release|Any CPU.Build.0 = Release|Any CPU
	EndGlobalSection
	GlobalSection(SolutionProperties) = preSolution
		HideSolutionNode = FALSE
	EndGlobalSection
EndGlobal
